
Microsoft Visual Studio Solution File, Format Version 12.00
# Visual Studio 2013
VisualStudioVersion = 12.0.21005.1
MinimumVisualStudioVersion = 10.0.40219.1
Project("{FAE04EC0-301F-11D3-BF4B-00C04F79EFBC}") = "CollectionsOnline.Import", "CollectionsOnline.Import\CollectionsOnline.Import.csproj", "{362A7A4C-1A6F-41A2-A8A7-A143A7616812}"
EndProject
Project("{2150E333-8FDC-42A3-9474-1A3956D46DE8}") = ".nuget", ".nuget", "{9F21A2B3-C430-44D0-B6AF-0FBB93506966}"
	ProjectSection(SolutionItems) = preProject
		.nuget\NuGet.Config = .nuget\NuGet.Config
		.nuget\NuGet.exe = .nuget\NuGet.exe
		.nuget\NuGet.targets = .nuget\NuGet.targets
	EndProjectSection
EndProject
Project("{FAE04EC0-301F-11D3-BF4B-00C04F79EFBC}") = "CollectionsOnline.Core", "CollectionsOnline.Core\CollectionsOnline.Core.csproj", "{B921FF9A-4D54-46C7-A511-54E5CE055205}"
EndProject
Project("{FAE04EC0-301F-11D3-BF4B-00C04F79EFBC}") = "CollectionsOnline.WebApi", "CollectionsOnline.WebApi\CollectionsOnline.WebApi.csproj", "{887A8565-4A10-44C8-82EF-F2F2D1D2BFBF}"
EndProject
Project("{FAE04EC0-301F-11D3-BF4B-00C04F79EFBC}") = "CollectionsOnline.Tests", "CollectionsOnline.Tests\CollectionsOnline.Tests.csproj", "{B974CD19-6159-4F9F-9B5D-34F0A0F22815}"
EndProject
Project("{FAE04EC0-301F-11D3-BF4B-00C04F79EFBC}") = "CollectionsOnline.RedirectWebSite", "CollectionsOnline.RedirectWebSite\CollectionsOnline.RedirectWebSite.csproj", "{3EF059D8-3822-40D0-95B9-4FB40F4D4DA9}"
EndProject
Project("{FAE04EC0-301F-11D3-BF4B-00C04F79EFBC}") = "CollectionsOnline.WebSite", "CollectionsOnline.WebSite\CollectionsOnline.WebSite.csproj", "{B7B199DE-9766-4D15-948D-8925D5E5B4C5}"
EndProject
Global
	GlobalSection(SolutionConfigurationPlatforms) = preSolution
		Debug|Any CPU = Debug|Any CPU
		Release|Any CPU = Release|Any CPU
	EndGlobalSection
	GlobalSection(ProjectConfigurationPlatforms) = postSolution
		{362A7A4C-1A6F-41A2-A8A7-A143A7616812}.Debug|Any CPU.ActiveCfg = Debug|Any CPU
		{362A7A4C-1A6F-41A2-A8A7-A143A7616812}.Debug|Any CPU.Build.0 = Debug|Any CPU
		{362A7A4C-1A6F-41A2-A8A7-A143A7616812}.Release|Any CPU.ActiveCfg = Release|Any CPU
		{362A7A4C-1A6F-41A2-A8A7-A143A7616812}.Release|Any CPU.Build.0 = Release|Any CPU
		{B921FF9A-4D54-46C7-A511-54E5CE055205}.Debug|Any CPU.ActiveCfg = Debug|Any CPU
		{B921FF9A-4D54-46C7-A511-54E5CE055205}.Debug|Any CPU.Build.0 = Debug|Any CPU
		{B921FF9A-4D54-46C7-A511-54E5CE055205}.Release|Any CPU.ActiveCfg = Release|Any CPU
		{B921FF9A-4D54-46C7-A511-54E5CE055205}.Release|Any CPU.Build.0 = Release|Any CPU
		{887A8565-4A10-44C8-82EF-F2F2D1D2BFBF}.Debug|Any CPU.ActiveCfg = Debug|Any CPU
		{887A8565-4A10-44C8-82EF-F2F2D1D2BFBF}.Debug|Any CPU.Build.0 = Debug|Any CPU
		{887A8565-4A10-44C8-82EF-F2F2D1D2BFBF}.Release|Any CPU.ActiveCfg = Release|Any CPU
		{887A8565-4A10-44C8-82EF-F2F2D1D2BFBF}.Release|Any CPU.Build.0 = Release|Any CPU
		{B974CD19-6159-4F9F-9B5D-34F0A0F22815}.Debug|Any CPU.ActiveCfg = Debug|Any CPU
		{B974CD19-6159-4F9F-9B5D-34F0A0F22815}.Debug|Any CPU.Build.0 = Debug|Any CPU
		{B974CD19-6159-4F9F-9B5D-34F0A0F22815}.Release|Any CPU.ActiveCfg = Release|Any CPU
		{B974CD19-6159-4F9F-9B5D-34F0A0F22815}.Release|Any CPU.Build.0 = Release|Any CPU
		{3EF059D8-3822-40D0-95B9-4FB40F4D4DA9}.Debug|Any CPU.ActiveCfg = Debug|Any CPU
		{3EF059D8-3822-40D0-95B9-4FB40F4D4DA9}.Debug|Any CPU.Build.0 = Debug|Any CPU
		{3EF059D8-3822-40D0-95B9-4FB40F4D4DA9}.Release|Any CPU.ActiveCfg = Release|Any CPU
		{3EF059D8-3822-40D0-95B9-4FB40F4D4DA9}.Release|Any CPU.Build.0 = Release|Any CPU
		{B7B199DE-9766-4D15-948D-8925D5E5B4C5}.Debug|Any CPU.ActiveCfg = Debug|Any CPU
		{B7B199DE-9766-4D15-948D-8925D5E5B4C5}.Debug|Any CPU.Build.0 = Debug|Any CPU
		{B7B199DE-9766-4D15-948D-8925D5E5B4C5}.Release|Any CPU.ActiveCfg = Release|Any CPU
		{B7B199DE-9766-4D15-948D-8925D5E5B4C5}.Release|Any CPU.Build.0 = Release|Any CPU
	EndGlobalSection
	GlobalSection(SolutionProperties) = preSolution
		HideSolutionNode = FALSE
	EndGlobalSection
EndGlobal
